
Microsoft Visual Studio Solution File, Format Version 12.00
# Visual Studio Version 17
VisualStudioVersion = 17.0.31903.59
MinimumVisualStudioVersion = 10.0.40219.1
Project("{9A19103F-16F7-4668-BE54-9A1E7A4F7556}") = "CLeARINETCSP", "CLeARINETCSP.csproj", "{D8A718CB-EDB9-47BE-A578-DECD342B211B}"
EndProject
Project("{9A19103F-16F7-4668-BE54-9A1E7A4F7556}") = "UnitTests", "UnitTests\UnitTests.csproj", "{C608BED8-E9CD-461D-9CE5-D33EF4FAE627}"
EndProject
Global
	GlobalSection(SolutionConfigurationPlatforms) = preSolution
		Debug|Any CPU = Debug|Any CPU
		Release|Any CPU = Release|Any CPU
	EndGlobalSection
	GlobalSection(ProjectConfigurationPlatforms) = postSolution
		{D8A718CB-EDB9-47BE-A578-DECD342B211B}.Debug|Any CPU.ActiveCfg = Debug|Any CPU
		{D8A718CB-EDB9-47BE-A578-DECD342B211B}.Debug|Any CPU.Build.0 = Debug|Any CPU
		{D8A718CB-EDB9-47BE-A578-DECD342B211B}.Release|Any CPU.ActiveCfg = Release|Any CPU
		{D8A718CB-EDB9-47BE-A578-DECD342B211B}.Release|Any CPU.Build.0 = Release|Any CPU
		{C608BED8-E9CD-461D-9CE5-D33EF4FAE627}.Debug|Any CPU.ActiveCfg = Debug|Any CPU
		{C608BED8-E9CD-461D-9CE5-D33EF4FAE627}.Debug|Any CPU.Build.0 = Debug|Any CPU
		{C608BED8-E9CD-461D-9CE5-D33EF4FAE627}.Release|Any CPU.ActiveCfg = Release|Any CPU
		{C608BED8-E9CD-461D-9CE5-D33EF4FAE627}.Release|Any CPU.Build.0 = Release|Any CPU
	EndGlobalSection
	GlobalSection(SolutionProperties) = preSolution
		HideSolutionNode = FALSE
	EndGlobalSection
EndGlobal
